
Microsoft Visual Studio Solution File, Format Version 12.00
# Visual Studio Version 16
VisualStudioVersion = 16.0.31729.503
MinimumVisualStudioVersion = 10.0.40219.1
Project("{9A19103F-16F7-4668-BE54-9A1E7A4F7556}") = "AsposeCells", "AsposeCells\AsposeCells.csproj", "{19435077-F066-477F-88DC-7B0DC22358A1}"
EndProject
Global
	GlobalSection(SolutionConfigurationPlatforms) = preSolution
		Debug|Any CPU = Debug|Any CPU
		Release|Any CPU = Release|Any CPU
	EndGlobalSection
	GlobalSection(ProjectConfigurationPlatforms) = postSolution
		{19435077-F066-477F-88DC-7B0DC22358A1}.Debug|Any CPU.ActiveCfg = Debug|Any CPU
		{19435077-F066-477F-88DC-7B0DC22358A1}.Debug|Any CPU.Build.0 = Debug|Any CPU
		{19435077-F066-477F-88DC-7B0DC22358A1}.Release|Any CPU.ActiveCfg = Release|Any CPU
		{19435077-F066-477F-88DC-7B0DC22358A1}.Release|Any CPU.Build.0 = Release|Any CPU
	EndGlobalSection
	GlobalSection(SolutionProperties) = preSolution
		HideSolutionNode = FALSE
	EndGlobalSection
	GlobalSection(ExtensibilityGlobals) = postSolution
		SolutionGuid = {E55F485B-28F1-4730-ABBA-B142F8D699F8}
	EndGlobalSection
EndGlobal
